
Microsoft Visual Studio Solution File, Format Version 12.00
# Visual Studio 2012
Project("{FAE04EC0-301F-11D3-BF4B-00C04F79EFBC}") = "WpfLeech", "WpfLeech\WpfLeech.csproj", "{9e820adc-477a-4b71-a691-8121f7dee0e3}"
EndProject
Global
	GlobalSection(SolutionConfigurationPlatforms) = preSolution
		Debug|Any CPU = Debug|Any CPU
		Release|Any CPU = Release|Any CPU
	EndGlobalSection
	GlobalSection(ProjectConfigurationPlatforms) = postSolution
		{9E820ADC-477A-4B71-A691-8121F7DEE0E3}.Debug|Any CPU.ActiveCfg = Debug|Any CPU
		{9E820ADC-477A-4B71-A691-8121F7DEE0E3}.Debug|Any CPU.Build.0 = Debug|Any CPU
		{9E820ADC-477A-4B71-A691-8121F7DEE0E3}.Release|Any CPU.ActiveCfg = Release|Any CPU
		{9E820ADC-477A-4B71-A691-8121F7DEE0E3}.Release|Any CPU.Build.0 = Release|Any CPU
	EndGlobalSection
EndGlobal
